<?xml version="1.0" encoding="utf-8"?>
<Project ToolsVersion="4.0" xmlns="http://schemas.microsoft.com/developer/msbuild/2003">
  <ItemGroup>
    <Filter Include="소스 파일">
      <UniqueIdentifier>{4FC737F1-C7A5-4376-A066-2A32D752A2FF}</UniqueIdentifier>
      <Extensions>cpp;c;cc;cxx;c++;cppm;ixx;def;odl;idl;hpj;bat;asm;asmx</Extensions>
    </Filter>
    <Filter Include="헤더 파일">
      <UniqueIdentifier>{93995380-89BD-4b04-88EB-625FBE52EBFB}</UniqueIdentifier>
      <Extensions>h;hh;hpp;hxx;h++;hm;inl;inc;ipp;xsd</Extensions>
    </Filter>
    <Filter Include="리소스 파일">
      <UniqueIdentifier>{67DA6AB6-F800-4c08-8B7A-83BB121AAD01}</UniqueIdentifier>
      <Extensions>rc;ico;cur;bmp;dlg;rc2;rct;bin;rgs;gif;jpg;jpeg;jpe;resx;tiff;tif;png;wav;mfcribbon-ms</Extensions>
    </Filter>
  </ItemGroup>
  <ItemGroup>
    <ClCompile Include="HamRenderer\Camera.cpp">
      <Filter>소스 파일</Filter>
    </ClCompile>
    <ClCompile Include="HamRenderer\Renderer.cpp">
      <Filter>소스 파일</Filter>
    </ClCompile>
    <ClCompile Include="HamRenderer\TexManager.cpp">
      <Filter>소스 파일</Filter>
    </ClCompile>
    <ClCompile Include="HamGame\HamCraft.cpp">
      <Filter>소스 파일</Filter>
    </ClCompile>
    <ClCompile Include="HamWorld\CellMap\CellMap.cpp">
      <Filter>소스 파일</Filter>
    </ClCompile>
    <ClCompile Include="HamWorld\Chunk\Chunk.cpp">
      <Filter>소스 파일</Filter>
    </ClCompile>
    <ClCompile Include="HamWorld\Chunk\ChunkManager.cpp">
      <Filter>소스 파일</Filter>
    </ClCompile>
    <ClCompile Include="HamEvent\Event.cpp">
      <Filter>소스 파일</Filter>
    </ClCompile>
    <ClCompile Include="HamData\Tileset.cpp">
      <Filter>소스 파일</Filter>
    </ClCompile>
    <ClCompile Include="Common\Common.cpp">
      <Filter>소스 파일</Filter>
    </ClCompile>
    <ClCompile Include="Common\Math\Shared.cpp">
      <Filter>소스 파일</Filter>
    </ClCompile>
    <ClCompile Include="main.cpp">
      <Filter>소스 파일</Filter>
    </ClCompile>
  </ItemGroup>
  <ItemGroup>
    <ClInclude Include="HamRenderer\Camera.h">
      <Filter>헤더 파일</Filter>
    </ClInclude>
    <ClInclude Include="HamRenderer\Renderer.h">
      <Filter>헤더 파일</Filter>
    </ClInclude>
    <ClInclude Include="HamRenderer\TexManager.h">
      <Filter>헤더 파일</Filter>
    </ClInclude>
    <ClInclude Include="HamObject\IGameObject.h">
      <Filter>헤더 파일</Filter>
    </ClInclude>
    <ClInclude Include="HamGame\HamCraft.h">
      <Filter>헤더 파일</Filter>
    </ClInclude>
    <ClInclude Include="HamWorld\CellMap\Cell.h">
      <Filter>헤더 파일</Filter>
    </ClInclude>
    <ClInclude Include="HamWorld\CellMap\CellMap.h">
      <Filter>헤더 파일</Filter>
    </ClInclude>
    <ClInclude Include="HamWorld\Chunk\Chunk.h">
      <Filter>헤더 파일</Filter>
    </ClInclude>
    <ClInclude Include="HamWorld\Chunk\ChunkManager.h">
      <Filter>헤더 파일</Filter>
    </ClInclude>
    <ClInclude Include="HamEvent\Event.h">
      <Filter>헤더 파일</Filter>
    </ClInclude>
    <ClInclude Include="HamData\Tileset.h">
      <Filter>헤더 파일</Filter>
    </ClInclude>
    <ClInclude Include="Container\FixedQueue.hpp">
      <Filter>헤더 파일</Filter>
    </ClInclude>
    <ClInclude Include="Common\Assert.h">
      <Filter>헤더 파일</Filter>
    </ClInclude>
    <ClInclude Include="Common\Common.h">
      <Filter>헤더 파일</Filter>
    </ClInclude>
    <ClInclude Include="Common\Path.h">
      <Filter>헤더 파일</Filter>
    </ClInclude>
    <ClInclude Include="Common\Math\Math.h">
      <Filter>헤더 파일</Filter>
    </ClInclude>
    <ClInclude Include="Common\Math\Rect.h">
      <Filter>헤더 파일</Filter>
    </ClInclude>
    <ClInclude Include="Common\Math\Vec2.hpp">
      <Filter>헤더 파일</Filter>
    </ClInclude>
    <ClInclude Include="Common\Math\Vec2i.hpp">
      <Filter>헤더 파일</Filter>
    </ClInclude>
    <ClInclude Include="Common\Memory\Memory.hpp">
      <Filter>헤더 파일</Filter>
    </ClInclude>
  </ItemGroup>
</Project>